
Microsoft Visual Studio Solution File, Format Version 12.00
# Visual Studio Version 16
VisualStudioVersion = 16.0.31613.86
MinimumVisualStudioVersion = 10.0.40219.1
Project("{FAE04EC0-301F-11D3-BF4B-00C04F79EFBC}") = "ChessLibrary", "ChessLibrary.csproj", "{DD4058A3-05B1-45AF-AC29-8889D81C87AF}"
EndProject
Project("{FAE04EC0-301F-11D3-BF4B-00C04F79EFBC}") = "GoLibrary", "..\GoLibrary\GoLibrary.csproj", "{CCF31D49-8876-404B-9C63-062D15924C1D}"
EndProject
Project("{FAE04EC0-301F-11D3-BF4B-00C04F79EFBC}") = "BobPlayers", "..\BobPlayer\BobPlayers.csproj", "{5DD7CF5E-336F-404C-AFE6-E3A877CEE7D8}"
EndProject
Project("{FAE04EC0-301F-11D3-BF4B-00C04F79EFBC}") = "ChessGame", "..\ChessGame\ChessGame.csproj", "{72455F8A-2920-4816-8F7D-DBF2B22A8B61}"
EndProject
Global
	GlobalSection(SolutionConfigurationPlatforms) = preSolution
		Debug|Any CPU = Debug|Any CPU
		Release|Any CPU = Release|Any CPU
	EndGlobalSection
	GlobalSection(ProjectConfigurationPlatforms) = postSolution
		{DD4058A3-05B1-45AF-AC29-8889D81C87AF}.Debug|Any CPU.ActiveCfg = Debug|Any CPU
		{DD4058A3-05B1-45AF-AC29-8889D81C87AF}.Debug|Any CPU.Build.0 = Debug|Any CPU
		{DD4058A3-05B1-45AF-AC29-8889D81C87AF}.Release|Any CPU.ActiveCfg = Release|Any CPU
		{DD4058A3-05B1-45AF-AC29-8889D81C87AF}.Release|Any CPU.Build.0 = Release|Any CPU
		{CCF31D49-8876-404B-9C63-062D15924C1D}.Debug|Any CPU.ActiveCfg = Debug|Any CPU
		{CCF31D49-8876-404B-9C63-062D15924C1D}.Debug|Any CPU.Build.0 = Debug|Any CPU
		{CCF31D49-8876-404B-9C63-062D15924C1D}.Release|Any CPU.ActiveCfg = Release|Any CPU
		{CCF31D49-8876-404B-9C63-062D15924C1D}.Release|Any CPU.Build.0 = Release|Any CPU
		{5DD7CF5E-336F-404C-AFE6-E3A877CEE7D8}.Debug|Any CPU.ActiveCfg = Debug|Any CPU
		{5DD7CF5E-336F-404C-AFE6-E3A877CEE7D8}.Debug|Any CPU.Build.0 = Debug|Any CPU
		{5DD7CF5E-336F-404C-AFE6-E3A877CEE7D8}.Release|Any CPU.ActiveCfg = Release|Any CPU
		{5DD7CF5E-336F-404C-AFE6-E3A877CEE7D8}.Release|Any CPU.Build.0 = Release|Any CPU
		{72455F8A-2920-4816-8F7D-DBF2B22A8B61}.Debug|Any CPU.ActiveCfg = Debug|Any CPU
		{72455F8A-2920-4816-8F7D-DBF2B22A8B61}.Debug|Any CPU.Build.0 = Debug|Any CPU
		{72455F8A-2920-4816-8F7D-DBF2B22A8B61}.Release|Any CPU.ActiveCfg = Release|Any CPU
		{72455F8A-2920-4816-8F7D-DBF2B22A8B61}.Release|Any CPU.Build.0 = Release|Any CPU
	EndGlobalSection
	GlobalSection(SolutionProperties) = preSolution
		HideSolutionNode = FALSE
	EndGlobalSection
	GlobalSection(ExtensibilityGlobals) = postSolution
		SolutionGuid = {6501E43C-F3CF-40C7-9B89-8A5CABEDF943}
	EndGlobalSection
EndGlobal
